
Microsoft Visual Studio Solution File, Format Version 12.00
# Visual Studio 15
VisualStudioVersion = 15.0.28010.2003
MinimumVisualStudioVersion = 10.0.40219.1
Project("{FAE04EC0-301F-11D3-BF4B-00C04F79EFBC}") = "API", "API\API.csproj", "{2761E892-0EB8-47FF-B70F-A2D9658E1F07}"
EndProject
Global
	GlobalSection(SolutionConfigurationPlatforms) = preSolution
		Debug|Any CPU = Debug|Any CPU
		Debug|x86 = Debug|x86
		Release|Any CPU = Release|Any CPU
		Release|x86 = Release|x86
	EndGlobalSection
	GlobalSection(ProjectConfigurationPlatforms) = postSolution
		{2761E892-0EB8-47FF-B70F-A2D9658E1F07}.Debug|Any CPU.ActiveCfg = Debug|Any CPU
		{2761E892-0EB8-47FF-B70F-A2D9658E1F07}.Debug|Any CPU.Build.0 = Debug|Any CPU
		{2761E892-0EB8-47FF-B70F-A2D9658E1F07}.Debug|x86.ActiveCfg = Debug|x86
		{2761E892-0EB8-47FF-B70F-A2D9658E1F07}.Debug|x86.Build.0 = Debug|x86
		{2761E892-0EB8-47FF-B70F-A2D9658E1F07}.Release|Any CPU.ActiveCfg = Release|Any CPU
		{2761E892-0EB8-47FF-B70F-A2D9658E1F07}.Release|Any CPU.Build.0 = Release|Any CPU
		{2761E892-0EB8-47FF-B70F-A2D9658E1F07}.Release|x86.ActiveCfg = Release|x86
		{2761E892-0EB8-47FF-B70F-A2D9658E1F07}.Release|x86.Build.0 = Release|x86
	EndGlobalSection
	GlobalSection(SolutionProperties) = preSolution
		HideSolutionNode = FALSE
	EndGlobalSection
	GlobalSection(ExtensibilityGlobals) = postSolution
		SolutionGuid = {8A3FB2F9-C3B2-4D53-A4A0-ACC298F6282E}
	EndGlobalSection
EndGlobal
